# This file was autogenerated by Stack.
# You should not edit this file by hand.
# For more information, please see the documentation at:
#   https://docs.haskellstack.org/en/stable/lock_files

packages:
- completed:
    hackage: config-value-0.8.3@sha256:94f504c5c7ad950f7154950e2850ee7db80bd0c0271e945d452332192cb1a4b8,1905
    pantry-tree:
      sha256: 46d7e50b8251a487921ffadf7ac1f4f1eb4fe9bf7d94caeedd94ee5f4851110a
      size: 1034
  original:
    hackage: config-value-0.8.3@sha256:94f504c5c7ad950f7154950e2850ee7db80bd0c0271e945d452332192cb1a4b8,1905
snapshots:
- completed:
    sha256: 03cec7d96ed78877b03b5c2bc5e31015b47f69af2fe6a62d994a42b7a43c5805
    size: 648659
    url: https://raw.githubusercontent.com/commercialhaskell/stackage-snapshots/master/lts/20/3.yaml
  original: lts-20.3
